
Microsoft Visual Studio Solution File, Format Version 12.00
# Visual Studio Version 17
VisualStudioVersion = 17.9.34728.123
MinimumVisualStudioVersion = 10.0.40219.1
Project("{FAE04EC0-301F-11D3-BF4B-00C04F79EFBC}") = "LLRP_ANTENNAS", "LLRP_ANTENNAS\LLRP_ANTENNAS.csproj", "{5CA91B3A-75D2-4451-9B5A-DDF39678F3F0}"
EndProject
Global
	GlobalSection(SolutionConfigurationPlatforms) = preSolution
		Debug|Any CPU = Debug|Any CPU
		Release|Any CPU = Release|Any CPU
	EndGlobalSection
	GlobalSection(ProjectConfigurationPlatforms) = postSolution
		{5CA91B3A-75D2-4451-9B5A-DDF39678F3F0}.Debug|Any CPU.ActiveCfg = Debug|Any CPU
		{5CA91B3A-75D2-4451-9B5A-DDF39678F3F0}.Debug|Any CPU.Build.0 = Debug|Any CPU
		{5CA91B3A-75D2-4451-9B5A-DDF39678F3F0}.Release|Any CPU.ActiveCfg = Release|Any CPU
		{5CA91B3A-75D2-4451-9B5A-DDF39678F3F0}.Release|Any CPU.Build.0 = Release|Any CPU
	EndGlobalSection
	GlobalSection(SolutionProperties) = preSolution
		HideSolutionNode = FALSE
	EndGlobalSection
	GlobalSection(ExtensibilityGlobals) = postSolution
		SolutionGuid = {F8687F24-AC8C-4625-BB45-AB93E4C59019}
	EndGlobalSection
EndGlobal
